
Microsoft Visual Studio Solution File, Format Version 12.00
# Visual Studio 15
VisualStudioVersion = 15.0.27130.2020
MinimumVisualStudioVersion = 10.0.40219.1
Project("{FAE04EC0-301F-11D3-BF4B-00C04F79EFBC}") = "Stuff.App", "Stuff.App\Stuff.App.csproj", "{77BC6B33-122D-42A0-9B01-362F88F802FB}"
EndProject
Project("{FAE04EC0-301F-11D3-BF4B-00C04F79EFBC}") = "Stuff.Tests", "Stuff.Tests\Stuff.Tests.csproj", "{C57E9B0D-07F2-4A24-ABB9-B4C342A945E6}"
EndProject
Global
	GlobalSection(SolutionConfigurationPlatforms) = preSolution
		Debug|Any CPU = Debug|Any CPU
		Release|Any CPU = Release|Any CPU
	EndGlobalSection
	GlobalSection(ProjectConfigurationPlatforms) = postSolution
		{77BC6B33-122D-42A0-9B01-362F88F802FB}.Debug|Any CPU.ActiveCfg = Debug|Any CPU
		{77BC6B33-122D-42A0-9B01-362F88F802FB}.Debug|Any CPU.Build.0 = Debug|Any CPU
		{77BC6B33-122D-42A0-9B01-362F88F802FB}.Release|Any CPU.ActiveCfg = Release|Any CPU
		{77BC6B33-122D-42A0-9B01-362F88F802FB}.Release|Any CPU.Build.0 = Release|Any CPU
		{C57E9B0D-07F2-4A24-ABB9-B4C342A945E6}.Debug|Any CPU.ActiveCfg = Debug|Any CPU
		{C57E9B0D-07F2-4A24-ABB9-B4C342A945E6}.Debug|Any CPU.Build.0 = Debug|Any CPU
		{C57E9B0D-07F2-4A24-ABB9-B4C342A945E6}.Release|Any CPU.ActiveCfg = Release|Any CPU
		{C57E9B0D-07F2-4A24-ABB9-B4C342A945E6}.Release|Any CPU.Build.0 = Release|Any CPU
	EndGlobalSection
	GlobalSection(SolutionProperties) = preSolution
		HideSolutionNode = FALSE
	EndGlobalSection
	GlobalSection(ExtensibilityGlobals) = postSolution
		SolutionGuid = {F2C26AD6-F98F-41C4-AD98-968F4F6D5E86}
	EndGlobalSection
EndGlobal
